
Microsoft Visual Studio Solution File, Format Version 12.00
# Visual Studio Version 16
VisualStudioVersion = 16.0.31205.134
MinimumVisualStudioVersion = 10.0.40219.1
Project("{FAE04EC0-301F-11D3-BF4B-00C04F79EFBC}") = "DevFitness.API", "DevFitness.API\DevFitness.API.csproj", "{21BB2A6D-E384-44E5-8378-EB0E266533DD}"
EndProject
Global
	GlobalSection(SolutionConfigurationPlatforms) = preSolution
		Debug|Any CPU = Debug|Any CPU
		Release|Any CPU = Release|Any CPU
	EndGlobalSection
	GlobalSection(ProjectConfigurationPlatforms) = postSolution
		{21BB2A6D-E384-44E5-8378-EB0E266533DD}.Debug|Any CPU.ActiveCfg = Debug|Any CPU
		{21BB2A6D-E384-44E5-8378-EB0E266533DD}.Debug|Any CPU.Build.0 = Debug|Any CPU
		{21BB2A6D-E384-44E5-8378-EB0E266533DD}.Release|Any CPU.ActiveCfg = Release|Any CPU
		{21BB2A6D-E384-44E5-8378-EB0E266533DD}.Release|Any CPU.Build.0 = Release|Any CPU
	EndGlobalSection
	GlobalSection(SolutionProperties) = preSolution
		HideSolutionNode = FALSE
	EndGlobalSection
	GlobalSection(ExtensibilityGlobals) = postSolution
		SolutionGuid = {4ADC1AF9-9E0F-469B-A954-1A32DB9D6F39}
	EndGlobalSection
EndGlobal
